
Microsoft Visual Studio Solution File, Format Version 12.00
# Visual Studio Version 17
VisualStudioVersion = 17.0.31710.8
MinimumVisualStudioVersion = 10.0.40219.1
Project("{FAE04EC0-301F-11D3-BF4B-00C04F79EFBC}") = "Singleton", "Singleton\Singleton.csproj", "{3B110B67-F09D-4898-92DC-37689AF75AB2}"
EndProject
Global
	GlobalSection(SolutionConfigurationPlatforms) = preSolution
		Debug|Any CPU = Debug|Any CPU
		Release|Any CPU = Release|Any CPU
	EndGlobalSection
	GlobalSection(ProjectConfigurationPlatforms) = postSolution
		{3B110B67-F09D-4898-92DC-37689AF75AB2}.Debug|Any CPU.ActiveCfg = Debug|Any CPU
		{3B110B67-F09D-4898-92DC-37689AF75AB2}.Debug|Any CPU.Build.0 = Debug|Any CPU
		{3B110B67-F09D-4898-92DC-37689AF75AB2}.Release|Any CPU.ActiveCfg = Release|Any CPU
		{3B110B67-F09D-4898-92DC-37689AF75AB2}.Release|Any CPU.Build.0 = Release|Any CPU
	EndGlobalSection
	GlobalSection(SolutionProperties) = preSolution
		HideSolutionNode = FALSE
	EndGlobalSection
	GlobalSection(ExtensibilityGlobals) = postSolution
		SolutionGuid = {6E8DED91-A4B9-47C0-ACB1-E21F6D01CC72}
	EndGlobalSection
EndGlobal
